
Microsoft Visual Studio Solution File, Format Version 12.00
# Visual Studio Version 16
VisualStudioVersion = 16.0.30114.105
MinimumVisualStudioVersion = 10.0.40219.1
Project("{FAE04EC0-301F-11D3-BF4B-00C04F79EFBC}") = "FaceBookAuthentv1", "FaceBookAuthentv1\FaceBookAuthentv1.csproj", "{2F6B7DAC-5304-40B8-9FE6-22D1055A64F0}"
EndProject
Global
	GlobalSection(SolutionConfigurationPlatforms) = preSolution
		Debug|Any CPU = Debug|Any CPU
		Release|Any CPU = Release|Any CPU
	EndGlobalSection
	GlobalSection(ProjectConfigurationPlatforms) = postSolution
		{2F6B7DAC-5304-40B8-9FE6-22D1055A64F0}.Debug|Any CPU.ActiveCfg = Debug|Any CPU
		{2F6B7DAC-5304-40B8-9FE6-22D1055A64F0}.Debug|Any CPU.Build.0 = Debug|Any CPU
		{2F6B7DAC-5304-40B8-9FE6-22D1055A64F0}.Release|Any CPU.ActiveCfg = Release|Any CPU
		{2F6B7DAC-5304-40B8-9FE6-22D1055A64F0}.Release|Any CPU.Build.0 = Release|Any CPU
	EndGlobalSection
	GlobalSection(SolutionProperties) = preSolution
		HideSolutionNode = FALSE
	EndGlobalSection
	GlobalSection(ExtensibilityGlobals) = postSolution
		SolutionGuid = {857999AF-3179-4871-AB4E-0D7649829A93}
	EndGlobalSection
EndGlobal
